// !$*UTF8*$!
{
	archiveVersion = 1;
	classes = {
	};
	objectVersion = 50;
	objects = {

/* Begin PBXBuildFile section */
		89A8F5CD253DFDDB006CD8C3 /* AppDelegate.swift in Sources */ = {isa = PBXBuildFile; fileRef = 89A8F5CC253DFDDB006CD8C3 /* AppDelegate.swift */; };
		89A8F5CF253DFDDB006CD8C3 /* SceneDelegate.swift in Sources */ = {isa = PBXBuildFile; fileRef = 89A8F5CE253DFDDB006CD8C3 /* SceneDelegate.swift */; };
		89A8F5D1253DFDDB006CD8C3 /* ViewController.swift in Sources */ = {isa = PBXBuildFile; fileRef = 89A8F5D0253DFDDB006CD8C3 /* ViewController.swift */; };
		89A8F5D4253DFDDB006CD8C3 /* Main.storyboard in Resources */ = {isa = PBXBuildFile; fileRef = 89A8F5D2253DFDDB006CD8C3 /* Main.storyboard */; };
		89A8F5D6253DFDDB006CD8C3 /* ContentView.swift in Sources */ = {isa = PBXBuildFile; fileRef = 89A8F5D5253DFDDB006CD8C3 /* ContentView.swift */; };
		89A8F5D9253DFDDB006CD8C3 /* CoreDataDemo.xcdatamodeld in Sources */ = {isa = PBXBuildFile; fileRef = 89A8F5D7253DFDDB006CD8C3 /* CoreDataDemo.xcdatamodeld */; };
		89A8F5DB253DFDDD006CD8C3 /* Assets.xcassets in Resources */ = {isa = PBXBuildFile; fileRef = 89A8F5DA253DFDDD006CD8C3 /* Assets.xcassets */; };
		89A8F5DE253DFDDD006CD8C3 /* LaunchScreen.storyboard in Resources */ = {isa = PBXBuildFile; fileRef = 89A8F5DC253DFDDD006CD8C3 /* LaunchScreen.storyboard */; };
		89A8F5E9253DFDDE006CD8C3 /* CoreDataDemoTests.swift in Sources */ = {isa = PBXBuildFile; fileRef = 89A8F5E8253DFDDE006CD8C3 /* CoreDataDemoTests.swift */; };
		89A8F5F4253DFDDE006CD8C3 /* CoreDataDemoUITests.swift in Sources */ = {isa = PBXBuildFile; fileRef = 89A8F5F3253DFDDE006CD8C3 /* CoreDataDemoUITests.swift */; };
		89FE370225447FFA00569CED /* Person+CoreDataProperties.swift in Sources */ = {isa = PBXBuildFile; fileRef = 89FE370125447FFA00569CED /* Person+CoreDataProperties.swift */; };
		89FE3704254480B600569CED /* Person+CoreDataClass.swift in Sources */ = {isa = PBXBuildFile; fileRef = 89FE3703254480B600569CED /* Person+CoreDataClass.swift */; };
/* End PBXBuildFile section */

/* Begin PBXContainerItemProxy section */
		89A8F5E5253DFDDE006CD8C3 /* PBXContainerItemProxy */ = {
			isa = PBXContainerItemProxy;
			containerPortal = 89A8F5C1253DFDDA006CD8C3 /* Project object */;
			proxyType = 1;
			remoteGlobalIDString = 89A8F5C8253DFDDB006CD8C3;
			remoteInfo = CoreDataDemo;
		};
		89A8F5F0253DFDDE006CD8C3 /* PBXContainerItemProxy */ = {
			isa = PBXContainerItemProxy;
			containerPortal = 89A8F5C1253DFDDA006CD8C3 /* Project object */;
			proxyType = 1;
			remoteGlobalIDString = 89A8F5C8253DFDDB006CD8C3;
			remoteInfo = CoreDataDemo;
		};
/* End PBXContainerItemProxy section */

/* Begin PBXFileReference section */
		89A8F5C9253DFDDB006CD8C3 /* CoreDataDemo.app */ = {isa = PBXFileReference; explicitFileType = wrapper.application; includeInIndex = 0; path = CoreDataDemo.app; sourceTree = BUILT_PRODUCTS_DIR; };
		89A8F5CC253DFDDB006CD8C3 /* AppDelegate.swift */ = {isa = PBXFileReference; lastKnownFileType = sourcecode.swift; path = AppDelegate.swift; sourceTree = "<group>"; };
		89A8F5CE253DFDDB006CD8C3 /* SceneDelegate.swift */ = {isa = PBXFileReference; lastKnownFileType = sourcecode.swift; path = SceneDelegate.swift; sourceTree = "<group>"; };
		89A8F5D0253DFDDB006CD8C3 /* ViewController.swift */ = {isa = PBXFileReference; lastKnownFileType = sourcecode.swift; path = ViewController.swift; sourceTree = "<group>"; };
		89A8F5D3253DFDDB006CD8C3 /* Base */ = {isa = PBXFileReference; lastKnownFileType = file.storyboard; name = Base; path = Base.lproj/Main.storyboard; sourceTree = "<group>"; };
		89A8F5D5253DFDDB006CD8C3 /* ContentView.swift */ = {isa = PBXFileReference; lastKnownFileType = sourcecode.swift; path = ContentView.swift; sourceTree = "<group>"; };
		89A8F5D8253DFDDB006CD8C3 /* CoreDataDemo.xcdatamodel */ = {isa = PBXFileReference; lastKnownFileType = wrapper.xcdatamodel; path = CoreDataDemo.xcdatamodel; sourceTree = "<group>"; };
		89A8F5DA253DFDDD006CD8C3 /* Assets.xcassets */ = {isa = PBXFileReference; lastKnownFileType = folder.assetcatalog; path = Assets.xcassets; sourceTree = "<group>"; };
		89A8F5DD253DFDDD006CD8C3 /* Base */ = {isa = PBXFileReference; lastKnownFileType = file.storyboard; name = Base; path = Base.lproj/LaunchScreen.storyboard; sourceTree = "<group>"; };
		89A8F5DF253DFDDD006CD8C3 /* Info.plist */ = {isa = PBXFileReference; lastKnownFileType = text.plist.xml; path = Info.plist; sourceTree = "<group>"; };
		89A8F5E4253DFDDE006CD8C3 /* CoreDataDemoTests.xctest */ = {isa = PBXFileReference; explicitFileType = wrapper.cfbundle; includeInIndex = 0; path = CoreDataDemoTests.xctest; sourceTree = BUILT_PRODUCTS_DIR; };
		89A8F5E8253DFDDE006CD8C3 /* CoreDataDemoTests.swift */ = {isa = PBXFileReference; lastKnownFileType = sourcecode.swift; path = CoreDataDemoTests.swift; sourceTree = "<group>"; };
		89A8F5EA253DFDDE006CD8C3 /* Info.plist */ = {isa = PBXFileReference; lastKnownFileType = text.plist.xml; path = Info.plist; sourceTree = "<group>"; };
		89A8F5EF253DFDDE006CD8C3 /* CoreDataDemoUITests.xctest */ = {isa = PBXFileReference; explicitFileType = wrapper.cfbundle; includeInIndex = 0; path = CoreDataDemoUITests.xctest; sourceTree = BUILT_PRODUCTS_DIR; };
		89A8F5F3253DFDDE006CD8C3 /* CoreDataDemoUITests.swift */ = {isa = PBXFileReference; lastKnownFileType = sourcecode.swift; path = CoreDataDemoUITests.swift; sourceTree = "<group>"; };
		89A8F5F5253DFDDE006CD8C3 /* Info.plist */ = {isa = PBXFileReference; lastKnownFileType = text.plist.xml; path = Info.plist; sourceTree = "<group>"; };
		89FE370125447FFA00569CED /* Person+CoreDataProperties.swift */ = {isa = PBXFileReference; lastKnownFileType = sourcecode.swift; name = "Person+CoreDataProperties.swift"; path = "../../Person+CoreDataProperties.swift"; sourceTree = "<group>"; };
		89FE3703254480B600569CED /* Person+CoreDataClass.swift */ = {isa = PBXFileReference; fileEncoding = 4; lastKnownFileType = sourcecode.swift; name = "Person+CoreDataClass.swift"; path = "../../Person+CoreDataClass.swift"; sourceTree = "<group>"; };
/* End PBXFileReference section */

/* Begin PBXFrameworksBuildPhase section */
		89A8F5C6253DFDDB006CD8C3 /* Frameworks */ = {
			isa = PBXFrameworksBuildPhase;
			buildActionMask = 2147483647;
			files = (
			);
			runOnlyForDeploymentPostprocessing = 0;
		};
		89A8F5E1253DFDDE006CD8C3 /* Frameworks */ = {
			isa = PBXFrameworksBuildPhase;
			buildActionMask = 2147483647;
			files = (
			);
			runOnlyForDeploymentPostprocessing = 0;
		};
		89A8F5EC253DFDDE006CD8C3 /* Frameworks */ = {
			isa = PBXFrameworksBuildPhase;
			buildActionMask = 2147483647;
			files = (
			);
			runOnlyForDeploymentPostprocessing = 0;
		};
/* End PBXFrameworksBuildPhase section */

/* Begin PBXGroup section */
		89A8F5C0253DFDDA006CD8C3 = {
			isa = PBXGroup;
			children = (
				89A8F5CB253DFDDB006CD8C3 /* CoreDataDemo */,
				89A8F5E7253DFDDE006CD8C3 /* CoreDataDemoTests */,
				89A8F5F2253DFDDE006CD8C3 /* CoreDataDemoUITests */,
				89A8F5CA253DFDDB006CD8C3 /* Products */,
			);
			sourceTree = "<group>";
		};
		89A8F5CA253DFDDB006CD8C3 /* Products */ = {
			isa = PBXGroup;
			children = (
				89A8F5C9253DFDDB006CD8C3 /* CoreDataDemo.app */,
				89A8F5E4253DFDDE006CD8C3 /* CoreDataDemoTests.xctest */,
				89A8F5EF253DFDDE006CD8C3 /* CoreDataDemoUITests.xctest */,
			);
			name = Products;
			sourceTree = "<group>";
		};
		89A8F5CB253DFDDB006CD8C3 /* CoreDataDemo */ = {
			isa = PBXGroup;
			children = (
				89A8F605253E00CD006CD8C3 /* Model */,
				89A8F5CC253DFDDB006CD8C3 /* AppDelegate.swift */,
				89A8F5CE253DFDDB006CD8C3 /* SceneDelegate.swift */,
				89A8F5D0253DFDDB006CD8C3 /* ViewController.swift */,
				89A8F5D2253DFDDB006CD8C3 /* Main.storyboard */,
				89A8F5D5253DFDDB006CD8C3 /* ContentView.swift */,
				89A8F5DA253DFDDD006CD8C3 /* Assets.xcassets */,
				89A8F5DC253DFDDD006CD8C3 /* LaunchScreen.storyboard */,
				89A8F5DF253DFDDD006CD8C3 /* Info.plist */,
				89A8F5D7253DFDDB006CD8C3 /* CoreDataDemo.xcdatamodeld */,
			);
			path = CoreDataDemo;
			sourceTree = "<group>";
		};
		89A8F5E7253DFDDE006CD8C3 /* CoreDataDemoTests */ = {
			isa = PBXGroup;
			children = (
				89A8F5E8253DFDDE006CD8C3 /* CoreDataDemoTests.swift */,
				89A8F5EA253DFDDE006CD8C3 /* Info.plist */,
			);
			path = CoreDataDemoTests;
			sourceTree = "<group>";
		};
		89A8F5F2253DFDDE006CD8C3 /* CoreDataDemoUITests */ = {
			isa = PBXGroup;
			children = (
				89A8F5F3253DFDDE006CD8C3 /* CoreDataDemoUITests.swift */,
				89A8F5F5253DFDDE006CD8C3 /* Info.plist */,
			);
			path = CoreDataDemoUITests;
			sourceTree = "<group>";
		};
		89A8F605253E00CD006CD8C3 /* Model */ = {
			isa = PBXGroup;
			children = (
				89FE3703254480B600569CED /* Person+CoreDataClass.swift */,
				89FE370125447FFA00569CED /* Person+CoreDataProperties.swift */,
			);
			path = Model;
			sourceTree = "<group>";
		};
/* End PBXGroup section */

/* Begin PBXNativeTarget section */
		89A8F5C8253DFDDB006CD8C3 /* CoreDataDemo */ = {
			isa = PBXNativeTarget;
			buildConfigurationList = 89A8F5F8253DFDDE006CD8C3 /* Build configuration list for PBXNativeTarget "CoreDataDemo" */;
			buildPhases = (
				89A8F5C5253DFDDB006CD8C3 /* Sources */,
				89A8F5C6253DFDDB006CD8C3 /* Frameworks */,
				89A8F5C7253DFDDB006CD8C3 /* Resources */,
			);
			buildRules = (
			);
			dependencies = (
			);
			name = CoreDataDemo;
			productName = CoreDataDemo;
			productReference = 89A8F5C9253DFDDB006CD8C3 /* CoreDataDemo.app */;
			productType = "com.apple.product-type.application";
		};
		89A8F5E3253DFDDE006CD8C3 /* CoreDataDemoTests */ = {
			isa = PBXNativeTarget;
			buildConfigurationList = 89A8F5FB253DFDDE006CD8C3 /* Build configuration list for PBXNativeTarget "CoreDataDemoTests" */;
			buildPhases = (
				89A8F5E0253DFDDE006CD8C3 /* Sources */,
				89A8F5E1253DFDDE006CD8C3 /* Frameworks */,
				89A8F5E2253DFDDE006CD8C3 /* Resources */,
			);
			buildRules = (
			);
			dependencies = (
				89A8F5E6253DFDDE006CD8C3 /* PBXTargetDependency */,
			);
			name = CoreDataDemoTests;
			productName = CoreDataDemoTests;
			productReference = 89A8F5E4253DFDDE006CD8C3 /* CoreDataDemoTests.xctest */;
			productType = "com.apple.product-type.bundle.unit-test";
		};
		89A8F5EE253DFDDE006CD8C3 /* CoreDataDemoUITests */ = {
			isa = PBXNativeTarget;
			buildConfigurationList = 89A8F5FE253DFDDE006CD8C3 /* Build configuration list for PBXNativeTarget "CoreDataDemoUITests" */;
			buildPhases = (
				89A8F5EB253DFDDE006CD8C3 /* Sources */,
				89A8F5EC253DFDDE006CD8C3 /* Frameworks */,
				89A8F5ED253DFDDE006CD8C3 /* Resources */,
			);
			buildRules = (
			);
			dependencies = (
				89A8F5F1253DFDDE006CD8C3 /* PBXTargetDependency */,
			);
			name = CoreDataDemoUITests;
			productName = CoreDataDemoUITests;
			productReference = 89A8F5EF253DFDDE006CD8C3 /* CoreDataDemoUITests.xctest */;
			productType = "com.apple.product-type.bundle.ui-testing";
		};
/* End PBXNativeTarget section */

/* Begin PBXProject section */
		89A8F5C1253DFDDA006CD8C3 /* Project object */ = {
			isa = PBXProject;
			attributes = {
				LastSwiftUpdateCheck = 1200;
				LastUpgradeCheck = 1200;
				TargetAttributes = {
					89A8F5C8253DFDDB006CD8C3 = {
						CreatedOnToolsVersion = 12.0;
					};
					89A8F5E3253DFDDE006CD8C3 = {
						CreatedOnToolsVersion = 12.0;
						TestTargetID = 89A8F5C8253DFDDB006CD8C3;
					};
					89A8F5EE253DFDDE006CD8C3 = {
						CreatedOnToolsVersion = 12.0;
						TestTargetID = 89A8F5C8253DFDDB006CD8C3;
					};
				};
			};
			buildConfigurationList = 89A8F5C4253DFDDA006CD8C3 /* Build configuration list for PBXProject "CoreDataDemo" */;
			compatibilityVersion = "Xcode 9.3";
			developmentRegion = en;
			hasScannedForEncodings = 0;
			knownRegions = (
				en,
				Base,
			);
			mainGroup = 89A8F5C0253DFDDA006CD8C3;
			productRefGroup = 89A8F5CA253DFDDB006CD8C3 /* Products */;
			projectDirPath = "";
			projectRoot = "";
			targets = (
				89A8F5C8253DFDDB006CD8C3 /* CoreDataDemo */,
				89A8F5E3253DFDDE006CD8C3 /* CoreDataDemoTests */,
				89A8F5EE253DFDDE006CD8C3 /* CoreDataDemoUITests */,
			);
		};
/* End PBXProject section */

/* Begin PBXResourcesBuildPhase section */
		89A8F5C7253DFDDB006CD8C3 /* Resources */ = {
			isa = PBXResourcesBuildPhase;
			buildActionMask = 2147483647;
			files = (
				89A8F5DE253DFDDD006CD8C3 /* LaunchScreen.storyboard in Resources */,
				89A8F5DB253DFDDD006CD8C3 /* Assets.xcassets in Resources */,
				89A8F5D4253DFDDB006CD8C3 /* Main.storyboard in Resources */,
			);
			runOnlyForDeploymentPostprocessing = 0;
		};
		89A8F5E2253DFDDE006CD8C3 /* Resources */ = {
			isa = PBXResourcesBuildPhase;
			buildActionMask = 2147483647;
			files = (
			);
			runOnlyForDeploymentPostprocessing = 0;
		};
		89A8F5ED253DFDDE006CD8C3 /* Resources */ = {
			isa = PBXResourcesBuildPhase;
			buildActionMask = 2147483647;
			files = (
			);
			runOnlyForDeploymentPostprocessing = 0;
		};
/* End PBXResourcesBuildPhase section */

/* Begin PBXSourcesBuildPhase section */
		89A8F5C5253DFDDB006CD8C3 /* Sources */ = {
			isa = PBXSourcesBuildPhase;
			buildActionMask = 2147483647;
			files = (
				89A8F5D1253DFDDB006CD8C3 /* ViewController.swift in Sources */,
				89FE3704254480B600569CED /* Person+CoreDataClass.swift in Sources */,
				89A8F5CD253DFDDB006CD8C3 /* AppDelegate.swift in Sources */,
				89FE370225447FFA00569CED /* Person+CoreDataProperties.swift in Sources */,
				89A8F5D6253DFDDB006CD8C3 /* ContentView.swift in Sources */,
				89A8F5D9253DFDDB006CD8C3 /* CoreDataDemo.xcdatamodeld in Sources */,
				89A8F5CF253DFDDB006CD8C3 /* SceneDelegate.swift in Sources */,
			);
			runOnlyForDeploymentPostprocessing = 0;
		};
		89A8F5E0253DFDDE006CD8C3 /* Sources */ = {
			isa = PBXSourcesBuildPhase;
			buildActionMask = 2147483647;
			files = (
				89A8F5E9253DFDDE006CD8C3 /* CoreDataDemoTests.swift in Sources */,
			);
			runOnlyForDeploymentPostprocessing = 0;
		};
		89A8F5EB253DFDDE006CD8C3 /* Sources */ = {
			isa = PBXSourcesBuildPhase;
			buildActionMask = 2147483647;
			files = (
				89A8F5F4253DFDDE006CD8C3 /* CoreDataDemoUITests.swift in Sources */,
			);
			runOnlyForDeploymentPostprocessing = 0;
		};
/* End PBXSourcesBuildPhase section */

/* Begin PBXTargetDependency section */
		89A8F5E6253DFDDE006CD8C3 /* PBXTargetDependency */ = {
			isa = PBXTargetDependency;
			target = 89A8F5C8253DFDDB006CD8C3 /* CoreDataDemo */;
			targetProxy = 89A8F5E5253DFDDE006CD8C3 /* PBXContainerItemProxy */;
		};
		89A8F5F1253DFDDE006CD8C3 /* PBXTargetDependency */ = {
			isa = PBXTargetDependency;
			target = 89A8F5C8253DFDDB006CD8C3 /* CoreDataDemo */;
			targetProxy = 89A8F5F0253DFDDE006CD8C3 /* PBXContainerItemProxy */;
		};
/* End PBXTargetDependency section */

/* Begin PBXVariantGroup section */
		89A8F5D2253DFDDB006CD8C3 /* Main.storyboard */ = {
			isa = PBXVariantGroup;
			children = (
				89A8F5D3253DFDDB006CD8C3 /* Base */,
			);
			name = Main.storyboard;
			sourceTree = "<group>";
		};
		89A8F5DC253DFDDD006CD8C3 /* LaunchScreen.storyboard */ = {
			isa = PBXVariantGroup;
			children = (
				89A8F5DD253DFDDD006CD8C3 /* Base */,
			);
			name = LaunchScreen.storyboard;
			sourceTree = "<group>";
		};
/* End PBXVariantGroup section */

/* Begin XCBuildConfiguration section */
		89A8F5F6253DFDDE006CD8C3 /* Debug */ = {
			isa = XCBuildConfiguration;
			buildSettings = {
				ALWAYS_SEARCH_USER_PATHS = NO;
				CLANG_ANALYZER_NONNULL = YES;
				CLANG_ANALYZER_NUMBER_OBJECT_CONVERSION = YES_AGGRESSIVE;
				CLANG_CXX_LANGUAGE_STANDARD = "gnu++14";
				CLANG_CXX_LIBRARY = "libc++";
				CLANG_ENABLE_MODULES = YES;
				CLANG_ENABLE_OBJC_ARC = YES;
				CLANG_ENABLE_OBJC_WEAK = YES;
				CLANG_WARN_BLOCK_CAPTURE_AUTORELEASING = YES;
				CLANG_WARN_BOOL_CONVERSION = YES;
				CLANG_WARN_COMMA = YES;
				CLANG_WARN_CONSTANT_CONVERSION = YES;
				CLANG_WARN_DEPRECATED_OBJC_IMPLEMENTATIONS = YES;
				CLANG_WARN_DIRECT_OBJC_ISA_USAGE = YES_ERROR;
				CLANG_WARN_DOCUMENTATION_COMMENTS = YES;
				CLANG_WARN_EMPTY_BODY = YES;
				CLANG_WARN_ENUM_CONVERSION = YES;
				CLANG_WARN_INFINITE_RECURSION = YES;
				CLANG_WARN_INT_CONVERSION = YES;
				CLANG_WARN_NON_LITERAL_NULL_CONVERSION = YES;
				CLANG_WARN_OBJC_IMPLICIT_RETAIN_SELF = YES;
				CLANG_WARN_OBJC_LITERAL_CONVERSION = YES;
				CLANG_WARN_OBJC_ROOT_CLASS = YES_ERROR;
				CLANG_WARN_QUOTED_INCLUDE_IN_FRAMEWORK_HEADER = YES;
				CLANG_WARN_RANGE_LOOP_ANALYSIS = YES;
				CLANG_WARN_STRICT_PROTOTYPES = YES;
				CLANG_WARN_SUSPICIOUS_MOVE = YES;
				CLANG_WARN_UNGUARDED_AVAILABILITY = YES_AGGRESSIVE;
				CLANG_WARN_UNREACHABLE_CODE = YES;
				CLANG_WARN__DUPLICATE_METHOD_MATCH = YES;
				COPY_PHASE_STRIP = NO;
				DEBUG_INFORMATION_FORMAT = dwarf;
				ENABLE_STRICT_OBJC_MSGSEND = YES;
				ENABLE_TESTABILITY = YES;
				GCC_C_LANGUAGE_STANDARD = gnu11;
				GCC_DYNAMIC_NO_PIC = NO;
				GCC_NO_COMMON_BLOCKS = YES;
				GCC_OPTIMIZATION_LEVEL = 0;
				GCC_PREPROCESSOR_DEFINITIONS = (
					"DEBUG=1",
					"$(inherited)",
				);
				GCC_WARN_64_TO_32_BIT_CONVERSION = YES;
				GCC_WARN_ABOUT_RETURN_TYPE = YES_ERROR;
				GCC_WARN_UNDECLARED_SELECTOR = YES;
				GCC_WARN_UNINITIALIZED_AUTOS = YES_AGGRESSIVE;
				GCC_WARN_UNUSED_FUNCTION = YES;
				GCC_WARN_UNUSED_VARIABLE = YES;
				IPHONEOS_DEPLOYMENT_TARGET = 14.0;
				MTL_ENABLE_DEBUG_INFO = INCLUDE_SOURCE;
				MTL_FAST_MATH = YES;
				ONLY_ACTIVE_ARCH = YES;
				SDKROOT = iphoneos;
				SWIFT_ACTIVE_COMPILATION_CONDITIONS = DEBUG;
				SWIFT_OPTIMIZATION_LEVEL = "-Onone";
			};
			name = Debug;
		};
		89A8F5F7253DFDDE006CD8C3 /* Release */ = {
			isa = XCBuildConfiguration;
			buildSettings = {
				ALWAYS_SEARCH_USER_PATHS = NO;
				CLANG_ANALYZER_NONNULL = YES;
				CLANG_ANALYZER_NUMBER_OBJECT_CONVERSION = YES_AGGRESSIVE;
				CLANG_CXX_LANGUAGE_STANDARD = "gnu++14";
				CLANG_CXX_LIBRARY = "libc++";
				CLANG_ENABLE_MODULES = YES;
				CLANG_ENABLE_OBJC_ARC = YES;
				CLANG_ENABLE_OBJC_WEAK = YES;
				CLANG_WARN_BLOCK_CAPTURE_AUTORELEASING = YES;
				CLANG_WARN_BOOL_CONVERSION = YES;
				CLANG_WARN_COMMA = YES;
				CLANG_WARN_CONSTANT_CONVERSION = YES;
				CLANG_WARN_DEPRECATED_OBJC_IMPLEMENTATIONS = YES;
				CLANG_WARN_DIRECT_OBJC_ISA_USAGE = YES_ERROR;
				CLANG_WARN_DOCUMENTATION_COMMENTS = YES;
				CLANG_WARN_EMPTY_BODY = YES;
				CLANG_WARN_ENUM_CONVERSION = YES;
				CLANG_WARN_INFINITE_RECURSION = YES;
				CLANG_WARN_INT_CONVERSION = YES;
				CLANG_WARN_NON_LITERAL_NULL_CONVERSION = YES;
				CLANG_WARN_OBJC_IMPLICIT_RETAIN_SELF = YES;
				CLANG_WARN_OBJC_LITERAL_CONVERSION = YES;
				CLANG_WARN_OBJC_ROOT_CLASS = YES_ERROR;
				CLANG_WARN_QUOTED_INCLUDE_IN_FRAMEWORK_HEADER = YES;
				CLANG_WARN_RANGE_LOOP_ANALYSIS = YES;
				CLANG_WARN_STRICT_PROTOTYPES = YES;
				CLANG_WARN_SUSPICIOUS_MOVE = YES;
				CLANG_WARN_UNGUARDED_AVAILABILITY = YES_AGGRESSIVE;
				CLANG_WARN_UNREACHABLE_CODE = YES;
				CLANG_WARN__DUPLICATE_METHOD_MATCH = YES;
				COPY_PHASE_STRIP = NO;
				DEBUG_INFORMATION_FORMAT = "dwarf-with-dsym";
				ENABLE_NS_ASSERTIONS = NO;
				ENABLE_STRICT_OBJC_MSGSEND = YES;
				GCC_C_LANGUAGE_STANDARD = gnu11;
				GCC_NO_COMMON_BLOCKS = YES;
				GCC_WARN_64_TO_32_BIT_CONVERSION = YES;
				GCC_WARN_ABOUT_RETURN_TYPE = YES_ERROR;
				GCC_WARN_UNDECLARED_SELECTOR = YES;
				GCC_WARN_UNINITIALIZED_AUTOS = YES_AGGRESSIVE;
				GCC_WARN_UNUSED_FUNCTION = YES;
				GCC_WARN_UNUSED_VARIABLE = YES;
				IPHONEOS_DEPLOYMENT_TARGET = 14.0;
				MTL_ENABLE_DEBUG_INFO = NO;
				MTL_FAST_MATH = YES;
				SDKROOT = iphoneos;
				SWIFT_COMPILATION_MODE = wholemodule;
				SWIFT_OPTIMIZATION_LEVEL = "-O";
				VALIDATE_PRODUCT = YES;
			};
			name = Release;
		};
		89A8F5F9253DFDDE006CD8C3 /* Debug */ = {
			isa = XCBuildConfiguration;
			buildSettings = {
				ASSETCATALOG_COMPILER_APPICON_NAME = AppIcon;
				ASSETCATALOG_COMPILER_GLOBAL_ACCENT_COLOR_NAME = AccentColor;
				CODE_SIGN_STYLE = Automatic;
				DEVELOPMENT_TEAM = G5DHBSWG93;
				INFOPLIST_FILE = CoreDataDemo/Info.plist;
				LD_RUNPATH_SEARCH_PATHS = (
					"$(inherited)",
					"@executable_path/Frameworks",
				);
				PRODUCT_BUNDLE_IDENTIFIER = com.godigit.CoreDataDemo;
				PRODUCT_NAME = "$(TARGET_NAME)";
				SWIFT_VERSION = 5.0;
				TARGETED_DEVICE_FAMILY = "1,2";
			};
			name = Debug;
		};
		89A8F5FA253DFDDE006CD8C3 /* Release */ = {
			isa = XCBuildConfiguration;
			buildSettings = {
				ASSETCATALOG_COMPILER_APPICON_NAME = AppIcon;
				ASSETCATALOG_COMPILER_GLOBAL_ACCENT_COLOR_NAME = AccentColor;
				CODE_SIGN_STYLE = Automatic;
				DEVELOPMENT_TEAM = G5DHBSWG93;
				INFOPLIST_FILE = CoreDataDemo/Info.plist;
				LD_RUNPATH_SEARCH_PATHS = (
					"$(inherited)",
					"@executable_path/Frameworks",
				);
				PRODUCT_BUNDLE_IDENTIFIER = com.godigit.CoreDataDemo;
				PRODUCT_NAME = "$(TARGET_NAME)";
				SWIFT_VERSION = 5.0;
				TARGETED_DEVICE_FAMILY = "1,2";
			};
			name = Release;
		};
		89A8F5FC253DFDDE006CD8C3 /* Debug */ = {
			isa = XCBuildConfiguration;
			buildSettings = {
				ALWAYS_EMBED_SWIFT_STANDARD_LIBRARIES = YES;
				BUNDLE_LOADER = "$(TEST_HOST)";
				CODE_SIGN_STYLE = Automatic;
				DEVELOPMENT_TEAM = G5DHBSWG93;
				INFOPLIST_FILE = CoreDataDemoTests/Info.plist;
				IPHONEOS_DEPLOYMENT_TARGET = 14.0;
				LD_RUNPATH_SEARCH_PATHS = (
					"$(inherited)",
					"@executable_path/Frameworks",
					"@loader_path/Frameworks",
				);
				PRODUCT_BUNDLE_IDENTIFIER = com.godigit.CoreDataDemoTests;
				PRODUCT_NAME = "$(TARGET_NAME)";
				SWIFT_VERSION = 5.0;
				TARGETED_DEVICE_FAMILY = "1,2";
				TEST_HOST = "$(BUILT_PRODUCTS_DIR)/CoreDataDemo.app/CoreDataDemo";
			};
			name = Debug;
		};
		89A8F5FD253DFDDE006CD8C3 /* Release */ = {
			isa = XCBuildConfiguration;
			buildSettings = {
				ALWAYS_EMBED_SWIFT_STANDARD_LIBRARIES = YES;
				BUNDLE_LOADER = "$(TEST_HOST)";
				CODE_SIGN_STYLE = Automatic;
				DEVELOPMENT_TEAM = G5DHBSWG93;
				INFOPLIST_FILE = CoreDataDemoTests/Info.plist;
				IPHONEOS_DEPLOYMENT_TARGET = 14.0;
				LD_RUNPATH_SEARCH_PATHS = (
					"$(inherited)",
					"@executable_path/Frameworks",
					"@loader_path/Frameworks",
				);
				PRODUCT_BUNDLE_IDENTIFIER = com.godigit.CoreDataDemoTests;
				PRODUCT_NAME = "$(TARGET_NAME)";
				SWIFT_VERSION = 5.0;
				TARGETED_DEVICE_FAMILY = "1,2";
				TEST_HOST = "$(BUILT_PRODUCTS_DIR)/CoreDataDemo.app/CoreDataDemo";
			};
			name = Release;
		};
		89A8F5FF253DFDDE006CD8C3 /* Debug */ = {
			isa = XCBuildConfiguration;
			buildSettings = {
				ALWAYS_EMBED_SWIFT_STANDARD_LIBRARIES = YES;
				CODE_SIGN_STYLE = Automatic;
				DEVELOPMENT_TEAM = G5DHBSWG93;
				INFOPLIST_FILE = CoreDataDemoUITests/Info.plist;
				LD_RUNPATH_SEARCH_PATHS = (
					"$(inherited)",
					"@executable_path/Frameworks",
					"@loader_path/Frameworks",
				);
				PRODUCT_BUNDLE_IDENTIFIER = com.godigit.CoreDataDemoUITests;
				PRODUCT_NAME = "$(TARGET_NAME)";
				SWIFT_VERSION = 5.0;
				TARGETED_DEVICE_FAMILY = "1,2";
				TEST_TARGET_NAME = CoreDataDemo;
			};
			name = Debug;
		};
		89A8F600253DFDDE006CD8C3 /* Release */ = {
			isa = XCBuildConfiguration;
			buildSettings = {
				ALWAYS_EMBED_SWIFT_STANDARD_LIBRARIES = YES;
				CODE_SIGN_STYLE = Automatic;
				DEVELOPMENT_TEAM = G5DHBSWG93;
				INFOPLIST_FILE = CoreDataDemoUITests/Info.plist;
				LD_RUNPATH_SEARCH_PATHS = (
					"$(inherited)",
					"@executable_path/Frameworks",
					"@loader_path/Frameworks",
				);
				PRODUCT_BUNDLE_IDENTIFIER = com.godigit.CoreDataDemoUITests;
				PRODUCT_NAME = "$(TARGET_NAME)";
				SWIFT_VERSION = 5.0;
				TARGETED_DEVICE_FAMILY = "1,2";
				TEST_TARGET_NAME = CoreDataDemo;
			};
			name = Release;
		};
/* End XCBuildConfiguration section */

/* Begin XCConfigurationList section */
		89A8F5C4253DFDDA006CD8C3 /* Build configuration list for PBXProject "CoreDataDemo" */ = {
			isa = XCConfigurationList;
			buildConfigurations = (
				89A8F5F6253DFDDE006CD8C3 /* Debug */,
				89A8F5F7253DFDDE006CD8C3 /* Release */,
			);
			defaultConfigurationIsVisible = 0;
			defaultConfigurationName = Release;
		};
		89A8F5F8253DFDDE006CD8C3 /* Build configuration list for PBXNativeTarget "CoreDataDemo" */ = {
			isa = XCConfigurationList;
			buildConfigurations = (
				89A8F5F9253DFDDE006CD8C3 /* Debug */,
				89A8F5FA253DFDDE006CD8C3 /* Release */,
			);
			defaultConfigurationIsVisible = 0;
			defaultConfigurationName = Release;
		};
		89A8F5FB253DFDDE006CD8C3 /* Build configuration list for PBXNativeTarget "CoreDataDemoTests" */ = {
			isa = XCConfigurationList;
			buildConfigurations = (
				89A8F5FC253DFDDE006CD8C3 /* Debug */,
				89A8F5FD253DFDDE006CD8C3 /* Release */,
			);
			defaultConfigurationIsVisible = 0;
			defaultConfigurationName = Release;
		};
		89A8F5FE253DFDDE006CD8C3 /* Build configuration list for PBXNativeTarget "CoreDataDemoUITests" */ = {
			isa = XCConfigurationList;
			buildConfigurations = (
				89A8F5FF253DFDDE006CD8C3 /* Debug */,
				89A8F600253DFDDE006CD8C3 /* Release */,
			);
			defaultConfigurationIsVisible = 0;
			defaultConfigurationName = Release;
		};
/* End XCConfigurationList section */

/* Begin XCVersionGroup section */
		89A8F5D7253DFDDB006CD8C3 /* CoreDataDemo.xcdatamodeld */ = {
			isa = XCVersionGroup;
			children = (
				89A8F5D8253DFDDB006CD8C3 /* CoreDataDemo.xcdatamodel */,
			);
			currentVersion = 89A8F5D8253DFDDB006CD8C3 /* CoreDataDemo.xcdatamodel */;
			path = CoreDataDemo.xcdatamodeld;
			sourceTree = "<group>";
			versionGroupType = wrapper.xcdatamodel;
		};
/* End XCVersionGroup section */
	};
	rootObject = 89A8F5C1253DFDDA006CD8C3 /* Project object */;
}
